// !$*UTF8*$!
{
	archiveVersion = 1;
	classes = {
	};
	objectVersion = 50;
	objects = {

/* Begin PBXBuildFile section */
		7704C74123887A6700EB0316 /* AppDelegate.swift in Sources */ = {isa = PBXBuildFile; fileRef = 7704C74023887A6700EB0316 /* AppDelegate.swift */; };
		7704C74323887A6700EB0316 /* SceneDelegate.swift in Sources */ = {isa = PBXBuildFile; fileRef = 7704C74223887A6700EB0316 /* SceneDelegate.swift */; };
		7704C74523887A6700EB0316 /* ListViewController.swift in Sources */ = {isa = PBXBuildFile; fileRef = 7704C74423887A6700EB0316 /* ListViewController.swift */; };
		7704C74823887A6700EB0316 /* Main.storyboard in Resources */ = {isa = PBXBuildFile; fileRef = 7704C74623887A6700EB0316 /* Main.storyboard */; };
		7704C74A23887A6800EB0316 /* Assets.xcassets in Resources */ = {isa = PBXBuildFile; fileRef = 7704C74923887A6800EB0316 /* Assets.xcassets */; };
		7704C74D23887A6800EB0316 /* LaunchScreen.storyboard in Resources */ = {isa = PBXBuildFile; fileRef = 7704C74B23887A6800EB0316 /* LaunchScreen.storyboard */; };
		7704C75823887A6900EB0316 /* ios_meteoTests.swift in Sources */ = {isa = PBXBuildFile; fileRef = 7704C75723887A6900EB0316 /* ios_meteoTests.swift */; };
		7704C76323887A6900EB0316 /* ios_meteoUITests.swift in Sources */ = {isa = PBXBuildFile; fileRef = 7704C76223887A6900EB0316 /* ios_meteoUITests.swift */; };
		77401724238D93C100B7A5FD /* SplashScreen.swift in Sources */ = {isa = PBXBuildFile; fileRef = 77401723238D93C100B7A5FD /* SplashScreen.swift */; };
		77401728238D99FD00B7A5FD /* ApiCallerDelegate.swift in Sources */ = {isa = PBXBuildFile; fileRef = 77401727238D99FD00B7A5FD /* ApiCallerDelegate.swift */; };
		7740172E238DC9AE00B7A5FD /* BottomCell.swift in Sources */ = {isa = PBXBuildFile; fileRef = 7740172D238DC9AE00B7A5FD /* BottomCell.swift */; };
		774C9B4E238E95F100FEB001 /* SearchViewController.swift in Sources */ = {isa = PBXBuildFile; fileRef = 774C9B4D238E95F100FEB001 /* SearchViewController.swift */; };
		774C9B52238EA46000FEB001 /* DetailledViewController.swift in Sources */ = {isa = PBXBuildFile; fileRef = 774C9B51238EA46000FEB001 /* DetailledViewController.swift */; };
		77B671BA238D59AD00CA64E5 /* CityTableViewCell.swift in Sources */ = {isa = PBXBuildFile; fileRef = 77B671B9238D59AD00CA64E5 /* CityTableViewCell.swift */; };
		77E946C4238AFDD300C18888 /* CitiesWeatherForecast.swift in Sources */ = {isa = PBXBuildFile; fileRef = 77E946C3238AFDD300C18888 /* CitiesWeatherForecast.swift */; };
		77E946C6238AFDF000C18888 /* InstantCityWeather.swift in Sources */ = {isa = PBXBuildFile; fileRef = 77E946C5238AFDF000C18888 /* InstantCityWeather.swift */; };
		77E946C8238AFE0300C18888 /* UnitEnum.swift in Sources */ = {isa = PBXBuildFile; fileRef = 77E946C7238AFE0300C18888 /* UnitEnum.swift */; };
		77E946CA238AFE0F00C18888 /* WeatherEnum.swift in Sources */ = {isa = PBXBuildFile; fileRef = 77E946C9238AFE0F00C18888 /* WeatherEnum.swift */; };
		77E946CC238AFE2500C18888 /* ApiCaller.swift in Sources */ = {isa = PBXBuildFile; fileRef = 77E946CB238AFE2500C18888 /* ApiCaller.swift */; };
		77E946CE238AFE2F00C18888 /* UserPrefs.swift in Sources */ = {isa = PBXBuildFile; fileRef = 77E946CD238AFE2F00C18888 /* UserPrefs.swift */; };
/* End PBXBuildFile section */

/* Begin PBXContainerItemProxy section */
		7704C75423887A6900EB0316 /* PBXContainerItemProxy */ = {
			isa = PBXContainerItemProxy;
			containerPortal = 7704C73523887A6700EB0316 /* Project object */;
			proxyType = 1;
			remoteGlobalIDString = 7704C73C23887A6700EB0316;
			remoteInfo = "ios-meteo";
		};
		7704C75F23887A6900EB0316 /* PBXContainerItemProxy */ = {
			isa = PBXContainerItemProxy;
			containerPortal = 7704C73523887A6700EB0316 /* Project object */;
			proxyType = 1;
			remoteGlobalIDString = 7704C73C23887A6700EB0316;
			remoteInfo = "ios-meteo";
		};
/* End PBXContainerItemProxy section */

/* Begin PBXFileReference section */
		7704C73D23887A6700EB0316 /* ios-meteo.app */ = {isa = PBXFileReference; explicitFileType = wrapper.application; includeInIndex = 0; path = "ios-meteo.app"; sourceTree = BUILT_PRODUCTS_DIR; };
		7704C74023887A6700EB0316 /* AppDelegate.swift */ = {isa = PBXFileReference; lastKnownFileType = sourcecode.swift; path = AppDelegate.swift; sourceTree = "<group>"; };
		7704C74223887A6700EB0316 /* SceneDelegate.swift */ = {isa = PBXFileReference; lastKnownFileType = sourcecode.swift; path = SceneDelegate.swift; sourceTree = "<group>"; };
		7704C74423887A6700EB0316 /* ListViewController.swift */ = {isa = PBXFileReference; lastKnownFileType = sourcecode.swift; path = ListViewController.swift; sourceTree = "<group>"; };
		7704C74723887A6700EB0316 /* Base */ = {isa = PBXFileReference; lastKnownFileType = file.storyboard; name = Base; path = Base.lproj/Main.storyboard; sourceTree = "<group>"; };
		7704C74923887A6800EB0316 /* Assets.xcassets */ = {isa = PBXFileReference; lastKnownFileType = folder.assetcatalog; path = Assets.xcassets; sourceTree = "<group>"; };
		7704C74C23887A6800EB0316 /* Base */ = {isa = PBXFileReference; lastKnownFileType = file.storyboard; name = Base; path = Base.lproj/LaunchScreen.storyboard; sourceTree = "<group>"; };
		7704C74E23887A6800EB0316 /* Info.plist */ = {isa = PBXFileReference; lastKnownFileType = text.plist.xml; path = Info.plist; sourceTree = "<group>"; };
		7704C75323887A6900EB0316 /* ios-meteoTests.xctest */ = {isa = PBXFileReference; explicitFileType = wrapper.cfbundle; includeInIndex = 0; path = "ios-meteoTests.xctest"; sourceTree = BUILT_PRODUCTS_DIR; };
		7704C75723887A6900EB0316 /* ios_meteoTests.swift */ = {isa = PBXFileReference; lastKnownFileType = sourcecode.swift; path = ios_meteoTests.swift; sourceTree = "<group>"; };
		7704C75923887A6900EB0316 /* Info.plist */ = {isa = PBXFileReference; lastKnownFileType = text.plist.xml; path = Info.plist; sourceTree = "<group>"; };
		7704C75E23887A6900EB0316 /* ios-meteoUITests.xctest */ = {isa = PBXFileReference; explicitFileType = wrapper.cfbundle; includeInIndex = 0; path = "ios-meteoUITests.xctest"; sourceTree = BUILT_PRODUCTS_DIR; };
		7704C76223887A6900EB0316 /* ios_meteoUITests.swift */ = {isa = PBXFileReference; lastKnownFileType = sourcecode.swift; path = ios_meteoUITests.swift; sourceTree = "<group>"; };
		7704C76423887A6900EB0316 /* Info.plist */ = {isa = PBXFileReference; lastKnownFileType = text.plist.xml; path = Info.plist; sourceTree = "<group>"; };
		77401723238D93C100B7A5FD /* SplashScreen.swift */ = {isa = PBXFileReference; lastKnownFileType = sourcecode.swift; path = SplashScreen.swift; sourceTree = "<group>"; };
		77401727238D99FD00B7A5FD /* ApiCallerDelegate.swift */ = {isa = PBXFileReference; lastKnownFileType = sourcecode.swift; path = ApiCallerDelegate.swift; sourceTree = "<group>"; };
		7740172D238DC9AE00B7A5FD /* BottomCell.swift */ = {isa = PBXFileReference; lastKnownFileType = sourcecode.swift; path = BottomCell.swift; sourceTree = "<group>"; };
		774C9B4D238E95F100FEB001 /* SearchViewController.swift */ = {isa = PBXFileReference; lastKnownFileType = sourcecode.swift; path = SearchViewController.swift; sourceTree = "<group>"; };
		774C9B51238EA46000FEB001 /* DetailledViewController.swift */ = {isa = PBXFileReference; lastKnownFileType = sourcecode.swift; path = DetailledViewController.swift; sourceTree = "<group>"; };
		77B671B9238D59AD00CA64E5 /* CityTableViewCell.swift */ = {isa = PBXFileReference; lastKnownFileType = sourcecode.swift; path = CityTableViewCell.swift; sourceTree = "<group>"; };
		77E946C3238AFDD300C18888 /* CitiesWeatherForecast.swift */ = {isa = PBXFileReference; lastKnownFileType = sourcecode.swift; path = CitiesWeatherForecast.swift; sourceTree = "<group>"; };
		77E946C5238AFDF000C18888 /* InstantCityWeather.swift */ = {isa = PBXFileReference; lastKnownFileType = sourcecode.swift; path = InstantCityWeather.swift; sourceTree = "<group>"; };
		77E946C7238AFE0300C18888 /* UnitEnum.swift */ = {isa = PBXFileReference; lastKnownFileType = sourcecode.swift; path = UnitEnum.swift; sourceTree = "<group>"; };
		77E946C9238AFE0F00C18888 /* WeatherEnum.swift */ = {isa = PBXFileReference; lastKnownFileType = sourcecode.swift; path = WeatherEnum.swift; sourceTree = "<group>"; };
		77E946CB238AFE2500C18888 /* ApiCaller.swift */ = {isa = PBXFileReference; lastKnownFileType = sourcecode.swift; path = ApiCaller.swift; sourceTree = "<group>"; };
		77E946CD238AFE2F00C18888 /* UserPrefs.swift */ = {isa = PBXFileReference; lastKnownFileType = sourcecode.swift; path = UserPrefs.swift; sourceTree = "<group>"; };
/* End PBXFileReference section */

/* Begin PBXFrameworksBuildPhase section */
		7704C73A23887A6700EB0316 /* Frameworks */ = {
			isa = PBXFrameworksBuildPhase;
			buildActionMask = 2147483647;
			files = (
			);
			runOnlyForDeploymentPostprocessing = 0;
		};
		7704C75023887A6900EB0316 /* Frameworks */ = {
			isa = PBXFrameworksBuildPhase;
			buildActionMask = 2147483647;
			files = (
			);
			runOnlyForDeploymentPostprocessing = 0;
		};
		7704C75B23887A6900EB0316 /* Frameworks */ = {
			isa = PBXFrameworksBuildPhase;
			buildActionMask = 2147483647;
			files = (
			);
			runOnlyForDeploymentPostprocessing = 0;
		};
/* End PBXFrameworksBuildPhase section */

/* Begin PBXGroup section */
		7704C73423887A6700EB0316 = {
			isa = PBXGroup;
			children = (
				7704C73F23887A6700EB0316 /* ios-meteo */,
				7704C75623887A6900EB0316 /* ios-meteoTests */,
				7704C76123887A6900EB0316 /* ios-meteoUITests */,
				7704C73E23887A6700EB0316 /* Products */,
			);
			sourceTree = "<group>";
		};
		7704C73E23887A6700EB0316 /* Products */ = {
			isa = PBXGroup;
			children = (
				7704C73D23887A6700EB0316 /* ios-meteo.app */,
				7704C75323887A6900EB0316 /* ios-meteoTests.xctest */,
				7704C75E23887A6900EB0316 /* ios-meteoUITests.xctest */,
			);
			name = Products;
			sourceTree = "<group>";
		};
		7704C73F23887A6700EB0316 /* ios-meteo */ = {
			isa = PBXGroup;
			children = (
				774C9B50238EA44B00FEB001 /* detailled */,
				77401726238D99E600B7A5FD /* apicaller */,
				77B671B6238D563B00CA64E5 /* citylist */,
				77E946C2238AFD9000C18888 /* weather-data */,
				7704C74023887A6700EB0316 /* AppDelegate.swift */,
				7704C74223887A6700EB0316 /* SceneDelegate.swift */,
				7704C74623887A6700EB0316 /* Main.storyboard */,
				7704C74923887A6800EB0316 /* Assets.xcassets */,
				7704C74B23887A6800EB0316 /* LaunchScreen.storyboard */,
				7704C74E23887A6800EB0316 /* Info.plist */,
				77E946CD238AFE2F00C18888 /* UserPrefs.swift */,
				77401723238D93C100B7A5FD /* SplashScreen.swift */,
				774C9B4D238E95F100FEB001 /* SearchViewController.swift */,
			);
			path = "ios-meteo";
			sourceTree = "<group>";
		};
		7704C75623887A6900EB0316 /* ios-meteoTests */ = {
			isa = PBXGroup;
			children = (
				7704C75723887A6900EB0316 /* ios_meteoTests.swift */,
				7704C75923887A6900EB0316 /* Info.plist */,
			);
			path = "ios-meteoTests";
			sourceTree = "<group>";
		};
		7704C76123887A6900EB0316 /* ios-meteoUITests */ = {
			isa = PBXGroup;
			children = (
				7704C76223887A6900EB0316 /* ios_meteoUITests.swift */,
				7704C76423887A6900EB0316 /* Info.plist */,
			);
			path = "ios-meteoUITests";
			sourceTree = "<group>";
		};
		77401726238D99E600B7A5FD /* apicaller */ = {
			isa = PBXGroup;
			children = (
				77E946CB238AFE2500C18888 /* ApiCaller.swift */,
				77401727238D99FD00B7A5FD /* ApiCallerDelegate.swift */,
			);
			path = apicaller;
			sourceTree = "<group>";
		};
		774C9B50238EA44B00FEB001 /* detailled */ = {
			isa = PBXGroup;
			children = (
				774C9B51238EA46000FEB001 /* DetailledViewController.swift */,
			);
			path = detailled;
			sourceTree = "<group>";
		};
		77B671B6238D563B00CA64E5 /* citylist */ = {
			isa = PBXGroup;
			children = (
				7704C74423887A6700EB0316 /* ListViewController.swift */,
				77B671B9238D59AD00CA64E5 /* CityTableViewCell.swift */,
				7740172D238DC9AE00B7A5FD /* BottomCell.swift */,
			);
			path = citylist;
			sourceTree = "<group>";
		};
		77E946C2238AFD9000C18888 /* weather-data */ = {
			isa = PBXGroup;
			children = (
				77E946C3238AFDD300C18888 /* CitiesWeatherForecast.swift */,
				77E946C5238AFDF000C18888 /* InstantCityWeather.swift */,
				77E946C7238AFE0300C18888 /* UnitEnum.swift */,
				77E946C9238AFE0F00C18888 /* WeatherEnum.swift */,
			);
			path = "weather-data";
			sourceTree = "<group>";
		};
/* End PBXGroup section */

/* Begin PBXNativeTarget section */
		7704C73C23887A6700EB0316 /* ios-meteo */ = {
			isa = PBXNativeTarget;
			buildConfigurationList = 7704C76723887A6900EB0316 /* Build configuration list for PBXNativeTarget "ios-meteo" */;
			buildPhases = (
				7704C73923887A6700EB0316 /* Sources */,
				7704C73A23887A6700EB0316 /* Frameworks */,
				7704C73B23887A6700EB0316 /* Resources */,
			);
			buildRules = (
			);
			dependencies = (
			);
			name = "ios-meteo";
			productName = "ios-meteo";
			productReference = 7704C73D23887A6700EB0316 /* ios-meteo.app */;
			productType = "com.apple.product-type.application";
		};
		7704C75223887A6900EB0316 /* ios-meteoTests */ = {
			isa = PBXNativeTarget;
			buildConfigurationList = 7704C76A23887A6900EB0316 /* Build configuration list for PBXNativeTarget "ios-meteoTests" */;
			buildPhases = (
				7704C74F23887A6900EB0316 /* Sources */,
				7704C75023887A6900EB0316 /* Frameworks */,
				7704C75123887A6900EB0316 /* Resources */,
			);
			buildRules = (
			);
			dependencies = (
				7704C75523887A6900EB0316 /* PBXTargetDependency */,
			);
			name = "ios-meteoTests";
			productName = "ios-meteoTests";
			productReference = 7704C75323887A6900EB0316 /* ios-meteoTests.xctest */;
			productType = "com.apple.product-type.bundle.unit-test";
		};
		7704C75D23887A6900EB0316 /* ios-meteoUITests */ = {
			isa = PBXNativeTarget;
			buildConfigurationList = 7704C76D23887A6900EB0316 /* Build configuration list for PBXNativeTarget "ios-meteoUITests" */;
			buildPhases = (
				7704C75A23887A6900EB0316 /* Sources */,
				7704C75B23887A6900EB0316 /* Frameworks */,
				7704C75C23887A6900EB0316 /* Resources */,
			);
			buildRules = (
			);
			dependencies = (
				7704C76023887A6900EB0316 /* PBXTargetDependency */,
			);
			name = "ios-meteoUITests";
			productName = "ios-meteoUITests";
			productReference = 7704C75E23887A6900EB0316 /* ios-meteoUITests.xctest */;
			productType = "com.apple.product-type.bundle.ui-testing";
		};
/* End PBXNativeTarget section */

/* Begin PBXProject section */
		7704C73523887A6700EB0316 /* Project object */ = {
			isa = PBXProject;
			attributes = {
				LastSwiftUpdateCheck = 1100;
				LastUpgradeCheck = 1100;
				ORGANIZATIONNAME = b_lagouge;
				TargetAttributes = {
					7704C73C23887A6700EB0316 = {
						CreatedOnToolsVersion = 11.0;
					};
					7704C75223887A6900EB0316 = {
						CreatedOnToolsVersion = 11.0;
						TestTargetID = 7704C73C23887A6700EB0316;
					};
					7704C75D23887A6900EB0316 = {
						CreatedOnToolsVersion = 11.0;
						TestTargetID = 7704C73C23887A6700EB0316;
					};
				};
			};
			buildConfigurationList = 7704C73823887A6700EB0316 /* Build configuration list for PBXProject "ios-meteo" */;
			compatibilityVersion = "Xcode 9.3";
			developmentRegion = en;
			hasScannedForEncodings = 0;
			knownRegions = (
				en,
				Base,
			);
			mainGroup = 7704C73423887A6700EB0316;
			productRefGroup = 7704C73E23887A6700EB0316 /* Products */;
			projectDirPath = "";
			projectRoot = "";
			targets = (
				7704C73C23887A6700EB0316 /* ios-meteo */,
				7704C75223887A6900EB0316 /* ios-meteoTests */,
				7704C75D23887A6900EB0316 /* ios-meteoUITests */,
			);
		};
/* End PBXProject section */

/* Begin PBXResourcesBuildPhase section */
		7704C73B23887A6700EB0316 /* Resources */ = {
			isa = PBXResourcesBuildPhase;
			buildActionMask = 2147483647;
			files = (
				7704C74D23887A6800EB0316 /* LaunchScreen.storyboard in Resources */,
				7704C74A23887A6800EB0316 /* Assets.xcassets in Resources */,
				7704C74823887A6700EB0316 /* Main.storyboard in Resources */,
			);
			runOnlyForDeploymentPostprocessing = 0;
		};
		7704C75123887A6900EB0316 /* Resources */ = {
			isa = PBXResourcesBuildPhase;
			buildActionMask = 2147483647;
			files = (
			);
			runOnlyForDeploymentPostprocessing = 0;
		};
		7704C75C23887A6900EB0316 /* Resources */ = {
			isa = PBXResourcesBuildPhase;
			buildActionMask = 2147483647;
			files = (
			);
			runOnlyForDeploymentPostprocessing = 0;
		};
/* End PBXResourcesBuildPhase section */

/* Begin PBXSourcesBuildPhase section */
		7704C73923887A6700EB0316 /* Sources */ = {
			isa = PBXSourcesBuildPhase;
			buildActionMask = 2147483647;
			files = (
				7704C74523887A6700EB0316 /* ListViewController.swift in Sources */,
				77E946C6238AFDF000C18888 /* InstantCityWeather.swift in Sources */,
				77B671BA238D59AD00CA64E5 /* CityTableViewCell.swift in Sources */,
				7704C74123887A6700EB0316 /* AppDelegate.swift in Sources */,
				77E946C4238AFDD300C18888 /* CitiesWeatherForecast.swift in Sources */,
				774C9B52238EA46000FEB001 /* DetailledViewController.swift in Sources */,
				77E946CA238AFE0F00C18888 /* WeatherEnum.swift in Sources */,
				77401728238D99FD00B7A5FD /* ApiCallerDelegate.swift in Sources */,
				77E946C8238AFE0300C18888 /* UnitEnum.swift in Sources */,
				774C9B4E238E95F100FEB001 /* SearchViewController.swift in Sources */,
				7704C74323887A6700EB0316 /* SceneDelegate.swift in Sources */,
				77401724238D93C100B7A5FD /* SplashScreen.swift in Sources */,
				7740172E238DC9AE00B7A5FD /* BottomCell.swift in Sources */,
				77E946CE238AFE2F00C18888 /* UserPrefs.swift in Sources */,
				77E946CC238AFE2500C18888 /* ApiCaller.swift in Sources */,
			);
			runOnlyForDeploymentPostprocessing = 0;
		};
		7704C74F23887A6900EB0316 /* Sources */ = {
			isa = PBXSourcesBuildPhase;
			buildActionMask = 2147483647;
			files = (
				7704C75823887A6900EB0316 /* ios_meteoTests.swift in Sources */,
			);
			runOnlyForDeploymentPostprocessing = 0;
		};
		7704C75A23887A6900EB0316 /* Sources */ = {
			isa = PBXSourcesBuildPhase;
			buildActionMask = 2147483647;
			files = (
				7704C76323887A6900EB0316 /* ios_meteoUITests.swift in Sources */,
			);
			runOnlyForDeploymentPostprocessing = 0;
		};
/* End PBXSourcesBuildPhase section */

/* Begin PBXTargetDependency section */
		7704C75523887A6900EB0316 /* PBXTargetDependency */ = {
			isa = PBXTargetDependency;
			target = 7704C73C23887A6700EB0316 /* ios-meteo */;
			targetProxy = 7704C75423887A6900EB0316 /* PBXContainerItemProxy */;
		};
		7704C76023887A6900EB0316 /* PBXTargetDependency */ = {
			isa = PBXTargetDependency;
			target = 7704C73C23887A6700EB0316 /* ios-meteo */;
			targetProxy = 7704C75F23887A6900EB0316 /* PBXContainerItemProxy */;
		};
/* End PBXTargetDependency section */

/* Begin PBXVariantGroup section */
		7704C74623887A6700EB0316 /* Main.storyboard */ = {
			isa = PBXVariantGroup;
			children = (
				7704C74723887A6700EB0316 /* Base */,
			);
			name = Main.storyboard;
			sourceTree = "<group>";
		};
		7704C74B23887A6800EB0316 /* LaunchScreen.storyboard */ = {
			isa = PBXVariantGroup;
			children = (
				7704C74C23887A6800EB0316 /* Base */,
			);
			name = LaunchScreen.storyboard;
			sourceTree = "<group>";
		};
/* End PBXVariantGroup section */

/* Begin XCBuildConfiguration section */
		7704C76523887A6900EB0316 /* Debug */ = {
			isa = XCBuildConfiguration;
			buildSettings = {
				ALWAYS_SEARCH_USER_PATHS = NO;
				CLANG_ANALYZER_NONNULL = YES;
				CLANG_ANALYZER_NUMBER_OBJECT_CONVERSION = YES_AGGRESSIVE;
				CLANG_CXX_LANGUAGE_STANDARD = "gnu++14";
				CLANG_CXX_LIBRARY = "libc++";
				CLANG_ENABLE_MODULES = YES;
				CLANG_ENABLE_OBJC_ARC = YES;
				CLANG_ENABLE_OBJC_WEAK = YES;
				CLANG_WARN_BLOCK_CAPTURE_AUTORELEASING = YES;
				CLANG_WARN_BOOL_CONVERSION = YES;
				CLANG_WARN_COMMA = YES;
				CLANG_WARN_CONSTANT_CONVERSION = YES;
				CLANG_WARN_DEPRECATED_OBJC_IMPLEMENTATIONS = YES;
				CLANG_WARN_DIRECT_OBJC_ISA_USAGE = YES_ERROR;
				CLANG_WARN_DOCUMENTATION_COMMENTS = YES;
				CLANG_WARN_EMPTY_BODY = YES;
				CLANG_WARN_ENUM_CONVERSION = YES;
				CLANG_WARN_INFINITE_RECURSION = YES;
				CLANG_WARN_INT_CONVERSION = YES;
				CLANG_WARN_NON_LITERAL_NULL_CONVERSION = YES;
				CLANG_WARN_OBJC_IMPLICIT_RETAIN_SELF = YES;
				CLANG_WARN_OBJC_LITERAL_CONVERSION = YES;
				CLANG_WARN_OBJC_ROOT_CLASS = YES_ERROR;
				CLANG_WARN_RANGE_LOOP_ANALYSIS = YES;
				CLANG_WARN_STRICT_PROTOTYPES = YES;
				CLANG_WARN_SUSPICIOUS_MOVE = YES;
				CLANG_WARN_UNGUARDED_AVAILABILITY = YES_AGGRESSIVE;
				CLANG_WARN_UNREACHABLE_CODE = YES;
				CLANG_WARN__DUPLICATE_METHOD_MATCH = YES;
				COPY_PHASE_STRIP = NO;
				DEBUG_INFORMATION_FORMAT = dwarf;
				ENABLE_STRICT_OBJC_MSGSEND = YES;
				ENABLE_TESTABILITY = YES;
				GCC_C_LANGUAGE_STANDARD = gnu11;
				GCC_DYNAMIC_NO_PIC = NO;
				GCC_NO_COMMON_BLOCKS = YES;
				GCC_OPTIMIZATION_LEVEL = 0;
				GCC_PREPROCESSOR_DEFINITIONS = (
					"DEBUG=1",
					"$(inherited)",
				);
				GCC_WARN_64_TO_32_BIT_CONVERSION = YES;
				GCC_WARN_ABOUT_RETURN_TYPE = YES_ERROR;
				GCC_WARN_UNDECLARED_SELECTOR = YES;
				GCC_WARN_UNINITIALIZED_AUTOS = YES_AGGRESSIVE;
				GCC_WARN_UNUSED_FUNCTION = YES;
				GCC_WARN_UNUSED_VARIABLE = YES;
				IPHONEOS_DEPLOYMENT_TARGET = 13.0;
				MTL_ENABLE_DEBUG_INFO = INCLUDE_SOURCE;
				MTL_FAST_MATH = YES;
				ONLY_ACTIVE_ARCH = YES;
				SDKROOT = iphoneos;
				SWIFT_ACTIVE_COMPILATION_CONDITIONS = DEBUG;
				SWIFT_OPTIMIZATION_LEVEL = "-Onone";
			};
			name = Debug;
		};
		7704C76623887A6900EB0316 /* Release */ = {
			isa = XCBuildConfiguration;
			buildSettings = {
				ALWAYS_SEARCH_USER_PATHS = NO;
				CLANG_ANALYZER_NONNULL = YES;
				CLANG_ANALYZER_NUMBER_OBJECT_CONVERSION = YES_AGGRESSIVE;
				CLANG_CXX_LANGUAGE_STANDARD = "gnu++14";
				CLANG_CXX_LIBRARY = "libc++";
				CLANG_ENABLE_MODULES = YES;
				CLANG_ENABLE_OBJC_ARC = YES;
				CLANG_ENABLE_OBJC_WEAK = YES;
				CLANG_WARN_BLOCK_CAPTURE_AUTORELEASING = YES;
				CLANG_WARN_BOOL_CONVERSION = YES;
				CLANG_WARN_COMMA = YES;
				CLANG_WARN_CONSTANT_CONVERSION = YES;
				CLANG_WARN_DEPRECATED_OBJC_IMPLEMENTATIONS = YES;
				CLANG_WARN_DIRECT_OBJC_ISA_USAGE = YES_ERROR;
				CLANG_WARN_DOCUMENTATION_COMMENTS = YES;
				CLANG_WARN_EMPTY_BODY = YES;
				CLANG_WARN_ENUM_CONVERSION = YES;
				CLANG_WARN_INFINITE_RECURSION = YES;
				CLANG_WARN_INT_CONVERSION = YES;
				CLANG_WARN_NON_LITERAL_NULL_CONVERSION = YES;
				CLANG_WARN_OBJC_IMPLICIT_RETAIN_SELF = YES;
				CLANG_WARN_OBJC_LITERAL_CONVERSION = YES;
				CLANG_WARN_OBJC_ROOT_CLASS = YES_ERROR;
				CLANG_WARN_RANGE_LOOP_ANALYSIS = YES;
				CLANG_WARN_STRICT_PROTOTYPES = YES;
				CLANG_WARN_SUSPICIOUS_MOVE = YES;
				CLANG_WARN_UNGUARDED_AVAILABILITY = YES_AGGRESSIVE;
				CLANG_WARN_UNREACHABLE_CODE = YES;
				CLANG_WARN__DUPLICATE_METHOD_MATCH = YES;
				COPY_PHASE_STRIP = NO;
				DEBUG_INFORMATION_FORMAT = "dwarf-with-dsym";
				ENABLE_NS_ASSERTIONS = NO;
				ENABLE_STRICT_OBJC_MSGSEND = YES;
				GCC_C_LANGUAGE_STANDARD = gnu11;
				GCC_NO_COMMON_BLOCKS = YES;
				GCC_WARN_64_TO_32_BIT_CONVERSION = YES;
				GCC_WARN_ABOUT_RETURN_TYPE = YES_ERROR;
				GCC_WARN_UNDECLARED_SELECTOR = YES;
				GCC_WARN_UNINITIALIZED_AUTOS = YES_AGGRESSIVE;
				GCC_WARN_UNUSED_FUNCTION = YES;
				GCC_WARN_UNUSED_VARIABLE = YES;
				IPHONEOS_DEPLOYMENT_TARGET = 13.0;
				MTL_ENABLE_DEBUG_INFO = NO;
				MTL_FAST_MATH = YES;
				SDKROOT = iphoneos;
				SWIFT_COMPILATION_MODE = wholemodule;
				SWIFT_OPTIMIZATION_LEVEL = "-O";
				VALIDATE_PRODUCT = YES;
			};
			name = Release;
		};
		7704C76823887A6900EB0316 /* Debug */ = {
			isa = XCBuildConfiguration;
			buildSettings = {
				ASSETCATALOG_COMPILER_APPICON_NAME = AppIcon;
				CODE_SIGN_STYLE = Automatic;
				DEVELOPMENT_TEAM = UV5STDCKDY;
				INFOPLIST_FILE = "ios-meteo/Info.plist";
				LD_RUNPATH_SEARCH_PATHS = (
					"$(inherited)",
					"@executable_path/Frameworks",
				);
				PRODUCT_BUNDLE_IDENTIFIER = "com.vulog.meteo.ios-meteo";
				PRODUCT_NAME = "$(TARGET_NAME)";
				SWIFT_VERSION = 5.0;
				TARGETED_DEVICE_FAMILY = "1,2";
			};
			name = Debug;
		};
		7704C76923887A6900EB0316 /* Release */ = {
			isa = XCBuildConfiguration;
			buildSettings = {
				ASSETCATALOG_COMPILER_APPICON_NAME = AppIcon;
				CODE_SIGN_STYLE = Automatic;
				DEVELOPMENT_TEAM = UV5STDCKDY;
				INFOPLIST_FILE = "ios-meteo/Info.plist";
				LD_RUNPATH_SEARCH_PATHS = (
					"$(inherited)",
					"@executable_path/Frameworks",
				);
				PRODUCT_BUNDLE_IDENTIFIER = "com.vulog.meteo.ios-meteo";
				PRODUCT_NAME = "$(TARGET_NAME)";
				SWIFT_VERSION = 5.0;
				TARGETED_DEVICE_FAMILY = "1,2";
			};
			name = Release;
		};
		7704C76B23887A6900EB0316 /* Debug */ = {
			isa = XCBuildConfiguration;
			buildSettings = {
				ALWAYS_EMBED_SWIFT_STANDARD_LIBRARIES = YES;
				BUNDLE_LOADER = "$(TEST_HOST)";
				CODE_SIGN_STYLE = Automatic;
				DEVELOPMENT_TEAM = UV5STDCKDY;
				INFOPLIST_FILE = "ios-meteoTests/Info.plist";
				IPHONEOS_DEPLOYMENT_TARGET = 13.0;
				LD_RUNPATH_SEARCH_PATHS = (
					"$(inherited)",
					"@executable_path/Frameworks",
					"@loader_path/Frameworks",
				);
				PRODUCT_BUNDLE_IDENTIFIER = "com.vulog.meteo.ios-meteoTests";
				PRODUCT_NAME = "$(TARGET_NAME)";
				SWIFT_VERSION = 5.0;
				TARGETED_DEVICE_FAMILY = "1,2";
				TEST_HOST = "$(BUILT_PRODUCTS_DIR)/ios-meteo.app/ios-meteo";
			};
			name = Debug;
		};
		7704C76C23887A6900EB0316 /* Release */ = {
			isa = XCBuildConfiguration;
			buildSettings = {
				ALWAYS_EMBED_SWIFT_STANDARD_LIBRARIES = YES;
				BUNDLE_LOADER = "$(TEST_HOST)";
				CODE_SIGN_STYLE = Automatic;
				DEVELOPMENT_TEAM = UV5STDCKDY;
				INFOPLIST_FILE = "ios-meteoTests/Info.plist";
				IPHONEOS_DEPLOYMENT_TARGET = 13.0;
				LD_RUNPATH_SEARCH_PATHS = (
					"$(inherited)",
					"@executable_path/Frameworks",
					"@loader_path/Frameworks",
				);
				PRODUCT_BUNDLE_IDENTIFIER = "com.vulog.meteo.ios-meteoTests";
				PRODUCT_NAME = "$(TARGET_NAME)";
				SWIFT_VERSION = 5.0;
				TARGETED_DEVICE_FAMILY = "1,2";
				TEST_HOST = "$(BUILT_PRODUCTS_DIR)/ios-meteo.app/ios-meteo";
			};
			name = Release;
		};
		7704C76E23887A6900EB0316 /* Debug */ = {
			isa = XCBuildConfiguration;
			buildSettings = {
				ALWAYS_EMBED_SWIFT_STANDARD_LIBRARIES = YES;
				CODE_SIGN_STYLE = Automatic;
				DEVELOPMENT_TEAM = UV5STDCKDY;
				INFOPLIST_FILE = "ios-meteoUITests/Info.plist";
				LD_RUNPATH_SEARCH_PATHS = (
					"$(inherited)",
					"@executable_path/Frameworks",
					"@loader_path/Frameworks",
				);
				PRODUCT_BUNDLE_IDENTIFIER = "com.vulog.meteo.ios-meteoUITests";
				PRODUCT_NAME = "$(TARGET_NAME)";
				SWIFT_VERSION = 5.0;
				TARGETED_DEVICE_FAMILY = "1,2";
				TEST_TARGET_NAME = "ios-meteo";
			};
			name = Debug;
		};
		7704C76F23887A6900EB0316 /* Release */ = {
			isa = XCBuildConfiguration;
			buildSettings = {
				ALWAYS_EMBED_SWIFT_STANDARD_LIBRARIES = YES;
				CODE_SIGN_STYLE = Automatic;
				DEVELOPMENT_TEAM = UV5STDCKDY;
				INFOPLIST_FILE = "ios-meteoUITests/Info.plist";
				LD_RUNPATH_SEARCH_PATHS = (
					"$(inherited)",
					"@executable_path/Frameworks",
					"@loader_path/Frameworks",
				);
				PRODUCT_BUNDLE_IDENTIFIER = "com.vulog.meteo.ios-meteoUITests";
				PRODUCT_NAME = "$(TARGET_NAME)";
				SWIFT_VERSION = 5.0;
				TARGETED_DEVICE_FAMILY = "1,2";
				TEST_TARGET_NAME = "ios-meteo";
			};
			name = Release;
		};
/* End XCBuildConfiguration section */

/* Begin XCConfigurationList section */
		7704C73823887A6700EB0316 /* Build configuration list for PBXProject "ios-meteo" */ = {
			isa = XCConfigurationList;
			buildConfigurations = (
				7704C76523887A6900EB0316 /* Debug */,
				7704C76623887A6900EB0316 /* Release */,
			);
			defaultConfigurationIsVisible = 0;
			defaultConfigurationName = Release;
		};
		7704C76723887A6900EB0316 /* Build configuration list for PBXNativeTarget "ios-meteo" */ = {
			isa = XCConfigurationList;
			buildConfigurations = (
				7704C76823887A6900EB0316 /* Debug */,
				7704C76923887A6900EB0316 /* Release */,
			);
			defaultConfigurationIsVisible = 0;
			defaultConfigurationName = Release;
		};
		7704C76A23887A6900EB0316 /* Build configuration list for PBXNativeTarget "ios-meteoTests" */ = {
			isa = XCConfigurationList;
			buildConfigurations = (
				7704C76B23887A6900EB0316 /* Debug */,
				7704C76C23887A6900EB0316 /* Release */,
			);
			defaultConfigurationIsVisible = 0;
			defaultConfigurationName = Release;
		};
		7704C76D23887A6900EB0316 /* Build configuration list for PBXNativeTarget "ios-meteoUITests" */ = {
			isa = XCConfigurationList;
			buildConfigurations = (
				7704C76E23887A6900EB0316 /* Debug */,
				7704C76F23887A6900EB0316 /* Release */,
			);
			defaultConfigurationIsVisible = 0;
			defaultConfigurationName = Release;
		};
/* End XCConfigurationList section */
	};
	rootObject = 7704C73523887A6700EB0316 /* Project object */;
}
